
Microsoft Visual Studio Solution File, Format Version 12.00
# Visual Studio 15
Project("{FAE04EC0-301F-11D3-BF4B-00C04F79EFBC}") = "QA-homework", "QA-homework\QA-homework.csproj", "{8271D20D-8E04-4265-8CA3-6127F2F77545}"
EndProject
Global
	GlobalSection(SolutionConfigurationPlatforms) = preSolution
		Debug|anycpu = Debug|anycpu
		Release|anycpu = Release|anycpu
	EndGlobalSection
	GlobalSection(ProjectConfigurationPlatforms) = postSolution
		{8271D20D-8E04-4265-8CA3-6127F2F77545}.Debug|anycpu.ActiveCfg = Debug|anycpu
		{8271D20D-8E04-4265-8CA3-6127F2F77545}.Debug|anycpu.Build.0 = Debug|anycpu
		{8271D20D-8E04-4265-8CA3-6127F2F77545}.Release|anycpu.ActiveCfg = Release|anycpu
		{8271D20D-8E04-4265-8CA3-6127F2F77545}.Release|anycpu.Build.0 = Release|anycpu
	EndGlobalSection
EndGlobal
